# This file is generated by running "yarn install" inside your project.
# Manual changes might be lost - proceed with caution!

__metadata:
  version: 4
  cacheKey: 4

"@types/debug@npm:^4.1.5":
  version: 4.1.5
  resolution: "@types/debug@npm:4.1.5"
  checksum: 416ad24bc589be0fb8c78bea972aa7d4ffdf6b136239701b1792674463b2dbf8c6707f6055ec484f79ec1f2b528ffef90c87e55df7e4a0f458184cad5bf0cfc8
  languageName: node
  linkType: hard

"@types/node@npm:^13.7.7":
  version: 13.13.12
  resolution: "@types/node@npm:13.13.12"
  checksum: 247f27e0863a4b23c7129b246b5d3a84dcee52ac7d853807fb81058cf9986fef7b82cc386390f8688e7a40f1665ebebde9128f31afa242f7ee7996cfc94af2ea
  languageName: node
  linkType: hard

"arg@npm:^4.1.0":
  version: 4.1.3
  resolution: "arg@npm:4.1.3"
  checksum: 81b3b40b1529c4fbf75b12f7c3e6fb2dcce9e78072063babc169de9b4f40777788f3d2b04380f659ef676a756e03ccfbfe78adf4477353bda906295fa69dab89
  languageName: node
  linkType: hard

"buffer-from@npm:^1.0.0":
  version: 1.1.1
  resolution: "buffer-from@npm:1.1.1"
  checksum: 540ceb79c4f5bfcadaabbc18324fa84c50dc52905084be7c03596a339cf5a88513bee6831ce9b36ddd046fab09257a7c80686e129d0559a0cfd141da196ad956
  languageName: node
  linkType: hard

"debug@npm:^4.1.1":
  version: 4.1.1
  resolution: "debug@npm:4.1.1"
  dependencies:
    ms: ^2.1.1
  checksum: 3601a6ce96e4698ed3edf0ee6e67ef0317adfcdae2f66a43b23d1b14e8888b422337429b16dbbcba6801e7bfa6cbb8de3128fbacfb8ae1cd9bd7615ea6baf970
  languageName: node
  linkType: hard

"diff@npm:^4.0.1":
  version: 4.0.2
  resolution: "diff@npm:4.0.2"
  checksum: 81b5cd7ddde6f0ba2a532d434cfdca365aedd6cc62bb133e851e66e071d40382a30924a07c1034bd3d5a2e332146f64514b73c06fe2ebc0490a67f0c98da79fb
  languageName: node
  linkType: hard

"json-rpc-constructor@workspace:.":
  version: 0.0.0-use.local
  resolution: "json-rpc-constructor@workspace:."
  dependencies:
    "@types/debug": ^4.1.5
    "@types/node": ^13.7.7
    debug: ^4.1.1
    jsonrpc-lite: ^2.1.0
    ts-node: ^8.6.2
    typescript: ^3.8.3
  languageName: unknown
  linkType: soft

"jsonrpc-lite@npm:^2.1.0":
  version: 2.1.0
  resolution: "jsonrpc-lite@npm:2.1.0"
  checksum: 4751ecc3b3363e95ef70558ff04d820ff0e09a091ef2ccd96b229d1acc3b0b73544ffe6c67decfc94965bf3573054e9be78646c0cda808886325cfbb3aa6f43a
  languageName: node
  linkType: hard

"make-error@npm:^1.1.1":
  version: 1.3.6
  resolution: "make-error@npm:1.3.6"
  checksum: 2c780bab8409b865e8ee86697c599a2bf2765ec64d21eb67ccda27050e039f983feacad05a0d43aba3c966ea03d305d2612e94fec45474bcbc61181f57c5bb88
  languageName: node
  linkType: hard

"ms@npm:^2.1.1":
  version: 2.1.2
  resolution: "ms@npm:2.1.2"
  checksum: 9b65fb709bc30c0c07289dcbdb61ca032acbb9ea5698b55fa62e2cebb04c5953f1876a1f3f7f4bc2e91d4bf4d86003f3e207c3bc6ee2f716f99827e62389cd0e
  languageName: node
  linkType: hard

"source-map-support@npm:^0.5.17":
  version: 0.5.19
  resolution: "source-map-support@npm:0.5.19"
  dependencies:
    buffer-from: ^1.0.0
    source-map: ^0.6.0
  checksum: 59d4efaae97755155b078413ecba63517e3ef054cc7ab767bbd30e6f3054be2ae8e8f5cce7eef53b7eb93e98fe27a58dd8f5e7abfb13144ba420ddaf5267bbb2
  languageName: node
  linkType: hard

"source-map@npm:^0.6.0":
  version: 0.6.1
  resolution: "source-map@npm:0.6.1"
  checksum: 8647829a0611724114022be455ca1c8a2c8ae61df81c5b3667d9b398207226a1e21174fb7bbf0b4dbeb27ac358222afb5a14f1c74a62a62b8883b012e5eb1270
  languageName: node
  linkType: hard

"ts-node@npm:^8.6.2":
  version: 8.10.2
  resolution: "ts-node@npm:8.10.2"
  dependencies:
    arg: ^4.1.0
    diff: ^4.0.1
    make-error: ^1.1.1
    source-map-support: ^0.5.17
    yn: 3.1.1
  peerDependencies:
    typescript: ">=2.7"
  bin:
    ts-node: dist/bin.js
    ts-node-script: dist/bin-script.js
    ts-node-transpile-only: dist/bin-transpile.js
    ts-script: dist/bin-script-deprecated.js
  checksum: cd6e023e073d65ea346cf4a5b70bfd1e7c7f342c967a23a83038fd3462067558a4dda4fc8b238e6709db69aca3847590a93b4c52ae001e23ed9fef3b4fecbc71
  languageName: node
  linkType: hard

typescript@^3.8.3:
  version: 3.9.6
  resolution: "typescript@npm:3.9.6"
  bin:
    tsc: bin/tsc
    tsserver: bin/tsserver
  checksum: 75d8e3610ca435b0feaa3eb714ef3aa9060ec72621da3c62c45ceee1d8d0ddcbd8ff2a816de2d24ab28dcd2249953edb640d34595d59e491656156da4c2903fc
  languageName: node
  linkType: hard

"typescript@patch:typescript@^3.8.3#builtin<compat/typescript>":
  version: 3.9.6
  resolution: "typescript@patch:typescript@npm%3A3.9.6#builtin<compat/typescript>::version=3.9.6&hash=64df9d"
  bin:
    tsc: bin/tsc
    tsserver: bin/tsserver
  checksum: 74cb55c847841e1aeea9c78bdf0156cf6ba311eb353e555ba70cb6df120e9b4c4a7feff2a153f04fda3d6b7124496fd4d444be62f3d2d448e77c667ea5beaa0b
  languageName: node
  linkType: hard

"yn@npm:3.1.1":
  version: 3.1.1
  resolution: "yn@npm:3.1.1"
  checksum: bff63b80568d80c711670935427494dde47cdf97e8b04196b140ce0af519c81c5ee857eddad0caa8b422dd65aea0157bbfaacbb1546bebba623f0f383d5d9ae5
  languageName: node
  linkType: hard
